{
  "requires": true,
  "lockfileVersion": 1,
  "dependencies": {
    "react-native-mmkv-storage": {
      "version": "0.5.9",
      "resolved": "https://registry.npmjs.org/react-native-mmkv-storage/-/react-native-mmkv-storage-0.5.9.tgz",
      "integrity": "sha512-SfjUIpC0pkhdLx1zKYkEkzqfb+sOus1nr/RoXcesLhjz/qRYmnDIULsrebl6peHTNRAbgmhgumr6MoFj0m7EFA=="
    }
  }
}
